
Microsoft Visual Studio Solution File, Format Version 12.00
# Visual Studio Version 16
VisualStudioVersion = 16.0.31112.23
MinimumVisualStudioVersion = 10.0.40219.1
Project("{FAE04EC0-301F-11D3-BF4B-00C04F79EFBC}") = "ExamenParcial_2", "ExamenParcial_2\ExamenParcial_2.csproj", "{A9327732-1FC2-4ADD-B16D-62C316E63774}"
EndProject
Project("{FAE04EC0-301F-11D3-BF4B-00C04F79EFBC}") = "ExamenParcial_2_3", "ExamenParcial_2_3\ExamenParcial_2_3.csproj", "{D5595CD3-B7F1-480D-B263-540644BF622D}"
EndProject
Global
	GlobalSection(SolutionConfigurationPlatforms) = preSolution
		Debug|Any CPU = Debug|Any CPU
		Release|Any CPU = Release|Any CPU
	EndGlobalSection
	GlobalSection(ProjectConfigurationPlatforms) = postSolution
		{A9327732-1FC2-4ADD-B16D-62C316E63774}.Debug|Any CPU.ActiveCfg = Debug|Any CPU
		{A9327732-1FC2-4ADD-B16D-62C316E63774}.Debug|Any CPU.Build.0 = Debug|Any CPU
		{A9327732-1FC2-4ADD-B16D-62C316E63774}.Release|Any CPU.ActiveCfg = Release|Any CPU
		{A9327732-1FC2-4ADD-B16D-62C316E63774}.Release|Any CPU.Build.0 = Release|Any CPU
		{D5595CD3-B7F1-480D-B263-540644BF622D}.Debug|Any CPU.ActiveCfg = Debug|Any CPU
		{D5595CD3-B7F1-480D-B263-540644BF622D}.Debug|Any CPU.Build.0 = Debug|Any CPU
		{D5595CD3-B7F1-480D-B263-540644BF622D}.Release|Any CPU.ActiveCfg = Release|Any CPU
		{D5595CD3-B7F1-480D-B263-540644BF622D}.Release|Any CPU.Build.0 = Release|Any CPU
	EndGlobalSection
	GlobalSection(SolutionProperties) = preSolution
		HideSolutionNode = FALSE
	EndGlobalSection
	GlobalSection(ExtensibilityGlobals) = postSolution
		SolutionGuid = {0F29D019-24B6-431D-808A-EB93DEB568F7}
	EndGlobalSection
EndGlobal
