
Microsoft Visual Studio Solution File, Format Version 12.00
# Visual Studio Version 16
VisualStudioVersion = 16.0.31112.23
MinimumVisualStudioVersion = 10.0.40219.1
Project("{9A19103F-16F7-4668-BE54-9A1E7A4F7556}") = "ArraysConPunteros", "ArraysConPunteros\ArraysConPunteros.csproj", "{6FA2E175-DF7A-4238-AD85-41B103C21E38}"
EndProject
Project("{FAE04EC0-301F-11D3-BF4B-00C04F79EFBC}") = "Aritmetica_punteros", "Aritmetica_punteros\Aritmetica_punteros.csproj", "{43CE8ADE-BC84-46E6-A6A2-E13EED300966}"
EndProject
Global
	GlobalSection(SolutionConfigurationPlatforms) = preSolution
		Debug|Any CPU = Debug|Any CPU
		Release|Any CPU = Release|Any CPU
	EndGlobalSection
	GlobalSection(ProjectConfigurationPlatforms) = postSolution
		{6FA2E175-DF7A-4238-AD85-41B103C21E38}.Debug|Any CPU.ActiveCfg = Debug|Any CPU
		{6FA2E175-DF7A-4238-AD85-41B103C21E38}.Debug|Any CPU.Build.0 = Debug|Any CPU
		{6FA2E175-DF7A-4238-AD85-41B103C21E38}.Release|Any CPU.ActiveCfg = Release|Any CPU
		{6FA2E175-DF7A-4238-AD85-41B103C21E38}.Release|Any CPU.Build.0 = Release|Any CPU
		{43CE8ADE-BC84-46E6-A6A2-E13EED300966}.Debug|Any CPU.ActiveCfg = Debug|Any CPU
		{43CE8ADE-BC84-46E6-A6A2-E13EED300966}.Debug|Any CPU.Build.0 = Debug|Any CPU
		{43CE8ADE-BC84-46E6-A6A2-E13EED300966}.Release|Any CPU.ActiveCfg = Release|Any CPU
		{43CE8ADE-BC84-46E6-A6A2-E13EED300966}.Release|Any CPU.Build.0 = Release|Any CPU
	EndGlobalSection
	GlobalSection(SolutionProperties) = preSolution
		HideSolutionNode = FALSE
	EndGlobalSection
	GlobalSection(ExtensibilityGlobals) = postSolution
		SolutionGuid = {A54BCBA3-3B23-4C49-8FB6-0FC3135835FA}
	EndGlobalSection
EndGlobal
