
Microsoft Visual Studio Solution File, Format Version 12.00
# Visual Studio Version 16
VisualStudioVersion = 16.0.31112.23
MinimumVisualStudioVersion = 10.0.40219.1
Project("{FAE04EC0-301F-11D3-BF4B-00C04F79EFBC}") = "ArchivosBinarios", "ArchivosBinarios\ArchivosBinarios.csproj", "{73F92DD6-36C6-4F12-ADDC-F6203BFB57C2}"
EndProject
Global
	GlobalSection(SolutionConfigurationPlatforms) = preSolution
		Debug|Any CPU = Debug|Any CPU
		Release|Any CPU = Release|Any CPU
	EndGlobalSection
	GlobalSection(ProjectConfigurationPlatforms) = postSolution
		{73F92DD6-36C6-4F12-ADDC-F6203BFB57C2}.Debug|Any CPU.ActiveCfg = Debug|Any CPU
		{73F92DD6-36C6-4F12-ADDC-F6203BFB57C2}.Debug|Any CPU.Build.0 = Debug|Any CPU
		{73F92DD6-36C6-4F12-ADDC-F6203BFB57C2}.Release|Any CPU.ActiveCfg = Release|Any CPU
		{73F92DD6-36C6-4F12-ADDC-F6203BFB57C2}.Release|Any CPU.Build.0 = Release|Any CPU
	EndGlobalSection
	GlobalSection(SolutionProperties) = preSolution
		HideSolutionNode = FALSE
	EndGlobalSection
	GlobalSection(ExtensibilityGlobals) = postSolution
		SolutionGuid = {C12EB3A4-1471-48B3-9BA3-6D3AD9730B40}
	EndGlobalSection
EndGlobal
